
Microsoft Visual Studio Solution File, Format Version 12.00
# Visual Studio 15
VisualStudioVersion = 15.0.26730.16
MinimumVisualStudioVersion = 10.0.40219.1
Project("{FAE04EC0-301F-11D3-BF4B-00C04F79EFBC}") = "Service", "Servise\Service.csproj", "{795B5901-D4C1-4850-949C-52787BE29972}"
EndProject
Project("{FAE04EC0-301F-11D3-BF4B-00C04F79EFBC}") = "RepairService.UI", "RepairService.UI\RepairService.UI.csproj", "{BC4971AF-9AB0-4802-BF66-9293CD274A19}"
EndProject
Project("{FAE04EC0-301F-11D3-BF4B-00C04F79EFBC}") = "Service.Web", "Service.Web\Service.Web.csproj", "{0958C3AA-7E91-4149-994B-0E02114DA486}"
EndProject
Project("{FAE04EC0-301F-11D3-BF4B-00C04F79EFBC}") = "Service.LicenceGenerator", "Service.LicenceGenerator\Service.LicenceGenerator.csproj", "{ED63A6C9-F9DB-48CF-8F88-C25311F6CF37}"
EndProject
Global
	GlobalSection(SolutionConfigurationPlatforms) = preSolution
		Debug|Any CPU = Debug|Any CPU
		Release|Any CPU = Release|Any CPU
	EndGlobalSection
	GlobalSection(ProjectConfigurationPlatforms) = postSolution
		{795B5901-D4C1-4850-949C-52787BE29972}.Debug|Any CPU.ActiveCfg = Debug|Any CPU
		{795B5901-D4C1-4850-949C-52787BE29972}.Debug|Any CPU.Build.0 = Debug|Any CPU
		{795B5901-D4C1-4850-949C-52787BE29972}.Release|Any CPU.ActiveCfg = Release|Any CPU
		{795B5901-D4C1-4850-949C-52787BE29972}.Release|Any CPU.Build.0 = Release|Any CPU
		{BC4971AF-9AB0-4802-BF66-9293CD274A19}.Debug|Any CPU.ActiveCfg = Debug|Any CPU
		{BC4971AF-9AB0-4802-BF66-9293CD274A19}.Debug|Any CPU.Build.0 = Debug|Any CPU
		{BC4971AF-9AB0-4802-BF66-9293CD274A19}.Release|Any CPU.ActiveCfg = Release|Any CPU
		{BC4971AF-9AB0-4802-BF66-9293CD274A19}.Release|Any CPU.Build.0 = Release|Any CPU
		{0958C3AA-7E91-4149-994B-0E02114DA486}.Debug|Any CPU.ActiveCfg = Debug|Any CPU
		{0958C3AA-7E91-4149-994B-0E02114DA486}.Debug|Any CPU.Build.0 = Debug|Any CPU
		{0958C3AA-7E91-4149-994B-0E02114DA486}.Release|Any CPU.ActiveCfg = Release|Any CPU
		{0958C3AA-7E91-4149-994B-0E02114DA486}.Release|Any CPU.Build.0 = Release|Any CPU
		{ED63A6C9-F9DB-48CF-8F88-C25311F6CF37}.Debug|Any CPU.ActiveCfg = Debug|Any CPU
		{ED63A6C9-F9DB-48CF-8F88-C25311F6CF37}.Debug|Any CPU.Build.0 = Debug|Any CPU
		{ED63A6C9-F9DB-48CF-8F88-C25311F6CF37}.Release|Any CPU.ActiveCfg = Release|Any CPU
		{ED63A6C9-F9DB-48CF-8F88-C25311F6CF37}.Release|Any CPU.Build.0 = Release|Any CPU
	EndGlobalSection
	GlobalSection(SolutionProperties) = preSolution
		HideSolutionNode = FALSE
	EndGlobalSection
	GlobalSection(ExtensibilityGlobals) = postSolution
		SolutionGuid = {582BCA7A-4B1E-43BC-8BB5-DF655BDC8425}
	EndGlobalSection
EndGlobal
